
Microsoft Visual Studio Solution File, Format Version 12.00
# Visual Studio Version 16
VisualStudioVersion = 16.0.33927.289
MinimumVisualStudioVersion = 10.0.40219.1
Project("{FAE04EC0-301F-11D3-BF4B-00C04F79EFBC}") = "memora", "memora.csproj", "{0BCDC455-5126-49A7-BF4E-A671CA37AA9C}"
EndProject
Global
	GlobalSection(SolutionConfigurationPlatforms) = preSolution
		Debug|Any CPU = Debug|Any CPU
		Release|Any CPU = Release|Any CPU
	EndGlobalSection
	GlobalSection(ProjectConfigurationPlatforms) = postSolution
		{0BCDC455-5126-49A7-BF4E-A671CA37AA9C}.Debug|Any CPU.ActiveCfg = Debug|Any CPU
		{0BCDC455-5126-49A7-BF4E-A671CA37AA9C}.Debug|Any CPU.Build.0 = Debug|Any CPU
		{0BCDC455-5126-49A7-BF4E-A671CA37AA9C}.Release|Any CPU.ActiveCfg = Release|Any CPU
		{0BCDC455-5126-49A7-BF4E-A671CA37AA9C}.Release|Any CPU.Build.0 = Release|Any CPU
	EndGlobalSection
	GlobalSection(SolutionProperties) = preSolution
		HideSolutionNode = FALSE
	EndGlobalSection
	GlobalSection(ExtensibilityGlobals) = postSolution
		SolutionGuid = {313FCF0C-AFAA-479A-8FC2-174138CBA8AF}
	EndGlobalSection
EndGlobal
